
Microsoft Visual Studio Solution File, Format Version 12.00
# Visual Studio 15
VisualStudioVersion = 15.0.27130.2020
MinimumVisualStudioVersion = 10.0.40219.1
Project("{FAE04EC0-301F-11D3-BF4B-00C04F79EFBC}") = "TestWPF", "TestWPF\TestWPF.csproj", "{B3C720F9-705F-495A-A7E9-4F5A8552E410}"
EndProject
Global
	GlobalSection(SolutionConfigurationPlatforms) = preSolution
		Debug|Any CPU = Debug|Any CPU
		Release|Any CPU = Release|Any CPU
	EndGlobalSection
	GlobalSection(ProjectConfigurationPlatforms) = postSolution
		{B3C720F9-705F-495A-A7E9-4F5A8552E410}.Debug|Any CPU.ActiveCfg = Debug|Any CPU
		{B3C720F9-705F-495A-A7E9-4F5A8552E410}.Debug|Any CPU.Build.0 = Debug|Any CPU
		{B3C720F9-705F-495A-A7E9-4F5A8552E410}.Release|Any CPU.ActiveCfg = Release|Any CPU
		{B3C720F9-705F-495A-A7E9-4F5A8552E410}.Release|Any CPU.Build.0 = Release|Any CPU
	EndGlobalSection
	GlobalSection(SolutionProperties) = preSolution
		HideSolutionNode = FALSE
	EndGlobalSection
	GlobalSection(ExtensibilityGlobals) = postSolution
		SolutionGuid = {FC8A118B-1C51-408B-9A5E-F11545413A21}
	EndGlobalSection
EndGlobal
